
Microsoft Visual Studio Solution File, Format Version 12.00
# Visual Studio Version 17
VisualStudioVersion = 17.3.32922.545
MinimumVisualStudioVersion = 10.0.40219.1
Project("{FAE04EC0-301F-11D3-BF4B-00C04F79EFBC}") = "VocaEnglish", "VocaEnglish\VocaEnglish.csproj", "{322AF697-196B-4978-BD18-26E326804F0A}"
EndProject
Project("{54435603-DBB4-11D2-8724-00A0C9A8B90C}") = "VocaEnglish v.1.0.0.0 Setup", "VocaEnglish v.1.0.0.0 Setup\VocaEnglish v.1.0.0.0 Setup.vdproj", "{C99E604D-C5AF-44DC-9F86-6A509EA82B4D}"
EndProject
Project("{54435603-DBB4-11D2-8724-00A0C9A8B90C}") = "VocaEnglish v.1.0.0.1 Setup", "VocaEnglish v.1.0.0.1 Setup\VocaEnglish v.1.0.0.1 Setup.vdproj", "{28FBA0C0-350B-492D-9518-4DD782D1A5A2}"
EndProject
Project("{54435603-DBB4-11D2-8724-00A0C9A8B90C}") = "VocaEnglish v.1.0.0.2 Setup", "VocaEnglish v.1.0.0.2 Setup\VocaEnglish v.1.0.0.2 Setup.vdproj", "{32E5598F-BB98-4FB4-BA19-8D4512C285D9}"
EndProject
Project("{54435603-DBB4-11D2-8724-00A0C9A8B90C}") = "VocaEnglish v.1.0.0.3 Setup", "VocaEnglish v.1.0.0.3 Setup\VocaEnglish v.1.0.0.3 Setup.vdproj", "{454BE60F-36FC-4FB2-83DD-F41A232EB48B}"
EndProject
Project("{54435603-DBB4-11D2-8724-00A0C9A8B90C}") = "VocaEnglish v.1.0.0.4 Setup", "VocaEnglish v.1.0.0.4 Setup\VocaEnglish v.1.0.0.4 Setup.vdproj", "{324C2711-473C-466A-ABE9-C6D7A9A06348}"
EndProject
Global
	GlobalSection(SolutionConfigurationPlatforms) = preSolution
		Debug|Any CPU = Debug|Any CPU
		Release|Any CPU = Release|Any CPU
	EndGlobalSection
	GlobalSection(ProjectConfigurationPlatforms) = postSolution
		{322AF697-196B-4978-BD18-26E326804F0A}.Debug|Any CPU.ActiveCfg = Debug|Any CPU
		{322AF697-196B-4978-BD18-26E326804F0A}.Debug|Any CPU.Build.0 = Debug|Any CPU
		{322AF697-196B-4978-BD18-26E326804F0A}.Release|Any CPU.ActiveCfg = Release|Any CPU
		{322AF697-196B-4978-BD18-26E326804F0A}.Release|Any CPU.Build.0 = Release|Any CPU
		{C99E604D-C5AF-44DC-9F86-6A509EA82B4D}.Debug|Any CPU.ActiveCfg = Debug
		{C99E604D-C5AF-44DC-9F86-6A509EA82B4D}.Release|Any CPU.ActiveCfg = Release
		{28FBA0C0-350B-492D-9518-4DD782D1A5A2}.Debug|Any CPU.ActiveCfg = Debug
		{28FBA0C0-350B-492D-9518-4DD782D1A5A2}.Release|Any CPU.ActiveCfg = Release
		{32E5598F-BB98-4FB4-BA19-8D4512C285D9}.Debug|Any CPU.ActiveCfg = Debug
		{32E5598F-BB98-4FB4-BA19-8D4512C285D9}.Release|Any CPU.ActiveCfg = Release
		{454BE60F-36FC-4FB2-83DD-F41A232EB48B}.Debug|Any CPU.ActiveCfg = Debug
		{454BE60F-36FC-4FB2-83DD-F41A232EB48B}.Release|Any CPU.ActiveCfg = Release
		{324C2711-473C-466A-ABE9-C6D7A9A06348}.Debug|Any CPU.ActiveCfg = Debug
		{324C2711-473C-466A-ABE9-C6D7A9A06348}.Release|Any CPU.ActiveCfg = Release
	EndGlobalSection
	GlobalSection(SolutionProperties) = preSolution
		HideSolutionNode = FALSE
	EndGlobalSection
	GlobalSection(ExtensibilityGlobals) = postSolution
		SolutionGuid = {27767467-02F6-4CDD-ABDE-E149B24F5086}
	EndGlobalSection
EndGlobal
